
Microsoft Visual Studio Solution File, Format Version 12.00
# Visual Studio Version 16
VisualStudioVersion = 16.0.31112.23
MinimumVisualStudioVersion = 10.0.40219.1
Project("{9A19103F-16F7-4668-BE54-9A1E7A4F7556}") = "WorldCities", "WorldCities.csproj", "{5016B412-6643-427F-9864-FBCA168A1334}"
EndProject
Project("{FAE04EC0-301F-11D3-BF4B-00C04F79EFBC}") = "WorldCities.Test", "..\WorldCities.Test\WorldCities.Test.csproj", "{0BB56B15-DEFE-44A6-A608-EB6FF71AB8E3}"
EndProject
Global
	GlobalSection(SolutionConfigurationPlatforms) = preSolution
		Debug|Any CPU = Debug|Any CPU
		Release|Any CPU = Release|Any CPU
	EndGlobalSection
	GlobalSection(ProjectConfigurationPlatforms) = postSolution
		{5016B412-6643-427F-9864-FBCA168A1334}.Debug|Any CPU.ActiveCfg = Debug|Any CPU
		{5016B412-6643-427F-9864-FBCA168A1334}.Debug|Any CPU.Build.0 = Debug|Any CPU
		{5016B412-6643-427F-9864-FBCA168A1334}.Release|Any CPU.ActiveCfg = Release|Any CPU
		{5016B412-6643-427F-9864-FBCA168A1334}.Release|Any CPU.Build.0 = Release|Any CPU
		{0BB56B15-DEFE-44A6-A608-EB6FF71AB8E3}.Debug|Any CPU.ActiveCfg = Debug|Any CPU
		{0BB56B15-DEFE-44A6-A608-EB6FF71AB8E3}.Debug|Any CPU.Build.0 = Debug|Any CPU
		{0BB56B15-DEFE-44A6-A608-EB6FF71AB8E3}.Release|Any CPU.ActiveCfg = Release|Any CPU
		{0BB56B15-DEFE-44A6-A608-EB6FF71AB8E3}.Release|Any CPU.Build.0 = Release|Any CPU
	EndGlobalSection
	GlobalSection(SolutionProperties) = preSolution
		HideSolutionNode = FALSE
	EndGlobalSection
	GlobalSection(ExtensibilityGlobals) = postSolution
		SolutionGuid = {5877E143-927F-4690-B44E-B37DAA389470}
	EndGlobalSection
EndGlobal
